PODS:
  - Alamofire (4.0.1)
  - HappyDNS (0.3.10)
  - Kingfisher (3.1.4)
  - pili-librtmp (1.0.3.1)
  - PLCameraStreamingKit (1.8.1):
    - PLCameraStreamingKit/precompiled (= 1.8.1)
    - PLStreamingKit (= 1.2.5)
  - PLCameraStreamingKit/precompiled (1.8.1):
    - PLStreamingKit (= 1.2.5)
  - PLPlayerKit (2.2.2):
    - HappyDNS
    - pili-librtmp (= 1.0.3.1)
    - PLPlayerKit/precompiled (= 2.2.2)
  - PLPlayerKit/precompiled (2.2.2):
    - HappyDNS
    - pili-librtmp (= 1.0.3.1)
  - PLStreamingKit (1.2.5):
    - HappyDNS
    - pili-librtmp (= 1.0.3.1)
    - PLStreamingKit/precompiled (= 1.2.5)
  - PLStreamingKit/precompiled (1.2.5):
    - HappyDNS
    - pili-librtmp (= 1.0.3.1)
  - SDCycleScrollView (1.65):
    - SDWebImage (~> 3.7)
  - SDWebImage (3.8.2):
    - SDWebImage/Core (= 3.8.2)
  - SDWebImage/Core (3.8.2)
  - SwiftQRCode (3.0.2)
  - Then (2.0.0)

DEPENDENCIES:
  - Alamofire (~> 4.0.1)
  - Kingfisher (~> 3.1.3)
  - PLCameraStreamingKit (~> 1.8)
  - PLPlayerKit (~> 2.2)
  - SDCycleScrollView (~> 1.65)
  - SwiftQRCode (~> 3.0.2)
  - Then (~> 2.0.0)

SPEC CHECKSUMS:
  Alamofire: 7682d43245de14874acd142ec137b144aa1dd335
  HappyDNS: 06a9fed2796663fd87626dbf02552933265bf059
  Kingfisher: 6c67e3e57f2d81a9cfdfa25052cd86f33ceac9bb
  pili-librtmp: 0adf2516f4b5958b3cb079a4c3d4f6a4a9f49ce9
  PLCameraStreamingKit: 12b672cbef9ba15bbb28ec543fb77f7d4cea66dc
  PLPlayerKit: b5182ef942dce71678c9db07c2e1959df91e81cc
  PLStreamingKit: 4b46739689d020b8e2eb755827ec86447c0291b7
  SDCycleScrollView: f72904c77698a7f93a41bcbbc2d78b073bf7326c
  SDWebImage: 098e97e6176540799c27e804c96653ee0833d13c
  SwiftQRCode: 280589699d84195c2c573011aa52f2c015c31c34
  Then: 460074ffe907de3536d5e88f189dac5ef7cf0869

PODFILE CHECKSUM: d6087dcd142644ab8292c3dcb69c5af455433da5

COCOAPODS: 1.0.1
